{
  "name": "@dotrino/verifier",
  "version": "0.1.0",
  "lockfileVersion": 3,
  "requires": true,
  "packages": {
    "": {
      "name": "@dotrino/verifier",
      "version": "0.1.0",
      "license": "MIT",
      "dependencies": {
        "@dotrino/identity": "0.21.0"
      }
    },
    "node_modules/@dotrino/identity": {
      "version": "0.21.0",
      "resolved": "https://registry.npmjs.org/@dotrino/identity/-/identity-0.21.0.tgz",
      "integrity": "sha512-cVn/7Q7iKyg2fBijIRUf2CWSIkKQcBxSY0D7xbrX150PSoci4xIYQ4VBw9BXniIHA6HE+icFFBGIN7sXV2dC+w==",
      "license": "MIT",
      "dependencies": {
        "@dotrino/proxy-client": "0.6.3"
      }
    },
    "node_modules/@dotrino/proxy-client": {
      "version": "0.6.3",
      "resolved": "https://registry.npmjs.org/@dotrino/proxy-client/-/proxy-client-0.6.3.tgz",
      "integrity": "sha512-GXl2yjK8Hs5oYrhNSeYAnteKHR/sanQnQcJl2Re0Bh0nj0NNI+Fgl8NW9Tanjf5X9sm6Vun+J6HYCxrjsWFL0Q==",
      "license": "MIT"
    }
  }
}
