{
  "name": "@dotrino/verifier",
  "version": "0.1.0",
  "lockfileVersion": 3,
  "requires": true,
  "packages": {
    "": {
      "name": "@dotrino/verifier",
      "version": "0.1.0",
      "license": "MIT",
      "dependencies": {
        "@dotrino/identity": "0.62.0"
      },
      "devDependencies": {
        "@types/node": "^22.0.0",
        "typescript": "5.9.3"
      }
    },
    "node_modules/@dotrino/identity": {
      "version": "0.62.0",
      "resolved": "https://registry.npmjs.org/@dotrino/identity/-/identity-0.62.0.tgz",
      "integrity": "sha512-cruvpdrQ22QxrfAJteZqKC16xF6H/uzZUNic4z6g32aoJh9XES3KQN5Wdlnj5PWVvHwtn6efuIBk8GshGUPdBw==",
      "license": "MIT",
      "peerDependencies": {
        "@dotrino/proxy-client": ">=0.13.1"
      }
    },
    "node_modules/@dotrino/proxy-client": {
      "version": "0.13.1",
      "resolved": "https://registry.npmjs.org/@dotrino/proxy-client/-/proxy-client-0.13.1.tgz",
      "integrity": "sha512-8/rAiyblVBRxHoSdPWTL6Jn9cXb15Oo0jsjFpWDob2fe1cxXtUeelpE403c28LK61TDHb+cuxgpaeAKHk6yNBg==",
      "license": "MIT",
      "peer": true,
      "peerDependencies": {
        "@dotrino/identity": ">=0.53.0"
      },
      "peerDependenciesMeta": {
        "@dotrino/identity": {
          "optional": true
        }
      }
    },
    "node_modules/@types/node": {
      "version": "22.20.1",
      "resolved": "https://registry.npmjs.org/@types/node/-/node-22.20.1.tgz",
      "integrity": "sha512-EANqOCF9QFyra+4pfxUcX9STKJpCLjMbObVzljIJomAWSnuSIEAvyzEU53GaajbXJEgdh0iEcPL+DGvpUd4k1Q==",
      "dev": true,
      "license": "MIT",
      "dependencies": {
        "undici-types": "~6.21.0"
      }
    },
    "node_modules/typescript": {
      "version": "5.9.3",
      "resolved": "https://registry.npmjs.org/typescript/-/typescript-5.9.3.tgz",
      "integrity": "sha512-jl1vZzPDinLr9eUt3J/t7V6FgNEw9QjvBPdysz9KfQDD41fQrC2Y4vKQdiaUpFT4bXlb1RHhLpp8wtm6M5TgSw==",
      "dev": true,
      "license": "Apache-2.0",
      "bin": {
        "tsc": "bin/tsc",
        "tsserver": "bin/tsserver"
      },
      "engines": {
        "node": ">=14.17"
      }
    },
    "node_modules/undici-types": {
      "version": "6.21.0",
      "resolved": "https://registry.npmjs.org/undici-types/-/undici-types-6.21.0.tgz",
      "integrity": "sha512-iwDZqg0QAGrg9Rav5H4n0M64c3mkR59cJ6wQp+7C4nI0gsmExaedaYLNO44eT4AtBBwjbTiGPMlt2Md0T9H9JQ==",
      "dev": true,
      "license": "MIT"
    }
  }
}
